PODS:
  - Flutter (1.0.0)
  - flutter_native_timezone (0.0.1):
    - Flutter

DEPENDENCIES:
  - Flutter (from `.symlinks/flutter/ios-release`)
  - flutter_native_timezone (from `.symlinks/plugins/flutter_native_timezone/ios`)

EXTERNAL SOURCES:
  Flutter:
    :path: ".symlinks/flutter/ios-release"
  flutter_native_timezone:
    :path: ".symlinks/plugins/flutter_native_timezone/ios"

SPEC CHECKSUMS:
  Flutter: 58dd7d1b27887414a370fcccb9e645c08ffd7a6a
  flutter_native_timezone: e72ff1900460ff57cfd331d1758050c9269f3e99

PODFILE CHECKSUM: aff02bfeed411c636180d6812254b2daeea14d09

COCOAPODS: 1.6.1
