PODS:
  - Flutter (1.0.0)
  - flutter_native_timezone (1.0.0):
    - Flutter

DEPENDENCIES:
  - Flutter (from `Pods/.symlinks/flutter/ios`)
  - flutter_native_timezone (from `Pods/.symlinks/plugins/flutter_native_timezone/ios`)

EXTERNAL SOURCES:
  Flutter:
    :path: Pods/.symlinks/flutter/ios
  flutter_native_timezone:
    :path: Pods/.symlinks/plugins/flutter_native_timezone/ios

SPEC CHECKSUMS:
  Flutter: 9d0fac939486c9aba2809b7982dfdbb47a7b0296
  flutter_native_timezone: 8a240238f0e3aaddcc8018aa5621158c8eb1f480

PODFILE CHECKSUM: 0420ab312a523ae0eecfb1fc19ea51dd82cc17c7

COCOAPODS: 1.4.0
